dependencies:
- name: grafana-agent
  repository: https://grafana.github.io/helm-charts
  version: 0.41.0
- name: endpoint
  repository: file://../endpoint
  version: 0.1.11
digest: sha256:85f6acaf46410958bb45780e767c3cff79c1713001264d6732f5ec870e1f5daa
generated: "2024-07-08T14:46:40.389668-04:00"
