dependencies:
- name: grafana-agent
  repository: https://grafana.github.io/helm-charts
  version: 0.10.0
- name: endpoint
  repository: file://../endpoint
  version: 0.1.5
digest: sha256:998c51cd428330df186d3e852b24ca7d11e2eb20ed694bb70d7cf834854168c4
generated: "2023-09-18T15:08:32.520631744-04:00"
