dependencies:
- name: grafana-agent
  repository: https://grafana.github.io/helm-charts
  version: 0.40.0
- name: endpoint
  repository: file://../endpoint
  version: 0.1.10
digest: sha256:7d85d613367d07480492d19b1642215f3408403536434c5e910f5fb8c03e6255
generated: "2024-06-04T13:12:18.548923-04:00"
