dependencies:
- name: opentelemetry-collector
  repository: https://open-telemetry.github.io/opentelemetry-helm-charts
  version: 0.127.2
- name: endpoint
  repository: file://../endpoint
  version: 0.1.13
- name: proxy
  repository: file://../proxy
  version: 0.1.8
digest: sha256:2d9b98054c59a9164c87cf8c868a21ad029869e9e922af8f8fb906088d704e71
generated: "2025-07-06T00:28:28.841859433Z"
