dependencies:
- name: opentelemetry-collector
  repository: https://open-telemetry.github.io/opentelemetry-helm-charts
  version: 0.106.0
- name: endpoint
  repository: file://../endpoint
  version: 0.1.12
- name: proxy
  repository: file://../proxy
  version: 0.1.8
digest: sha256:cb9d43a2ef0ca95a8b6ab9a0778318dca899e560c339553f2500fadf87ff9b95
generated: "2024-09-22T00:22:16.315911524Z"
