dependencies:
- name: logs
  repository: file://../logs
  version: 0.1.33
- name: metrics
  repository: file://../metrics
  version: 0.3.25
- name: events
  repository: file://../events
  version: 0.1.26
- name: proxy
  repository: file://../proxy
  version: 0.1.8
- name: traces
  repository: file://../traces
  version: 1.0.6
digest: sha256:0b0eeefbe2ee2ca0698adccdfe5e306976365ced30fe1da7cf83ed4bfb6d3572
generated: "2024-09-23T14:41:25.299168-07:00"
