dependencies:
- name: logs
  repository: file://../logs
  version: 0.1.19
- name: metrics
  repository: file://../metrics
  version: 0.3.15
- name: events
  repository: file://../events
  version: 0.1.21
- name: proxy
  repository: file://../proxy
  version: 0.1.4
- name: traces
  repository: file://../traces
  version: 0.2.13
digest: sha256:df6f9c7fa7bf3aac32799481808be8cc1f8f2b5aaa042bafeebaf75ffd107895
generated: "2024-01-31T14:26:51.350494-08:00"
